{
  "object": {
    "pins": [
      {
        "package": "Bits",
        "repositoryURL": "https://github.com/OperatorFoundation/Bits.git",
        "state": {
          "branch": null,
          "revision": "f05ebc8026f8c57dcd7e2eebffd816b078d3a142",
          "version": "2.0.1"
        }
      },
      {
        "package": "Chord",
        "repositoryURL": "https://github.com/OperatorFoundation/Chord.git",
        "state": {
          "branch": "main",
          "revision": "756eeb26b10016784e6dc7cfce33068b36e49f39",
          "version": null
        }
      },
      {
        "package": "Datable",
        "repositoryURL": "https://github.com/OperatorFoundation/Datable",
        "state": {
          "branch": "main",
          "revision": "f2a622a4f72cccb92d9847ff6616b26e6de25ca3",
          "version": null
        }
      },
      {
        "package": "Flower",
        "repositoryURL": "https://github.com/OperatorFoundation/Flower.git",
        "state": {
          "branch": "main",
          "revision": "e7bc62b65c61bae9e4dd23f6d0ac0af496e6afdc",
          "version": null
        }
      },
      {
        "package": "InternetProtocols",
        "repositoryURL": "https://github.com/OperatorFoundation/InternetProtocols.git",
        "state": {
          "branch": "main",
          "revision": "446dbf2f4353cb1eaba9bf7c3df8e21035e67e92",
          "version": null
        }
      },
      {
        "package": "Keychain",
        "repositoryURL": "https://github.com/OperatorFoundation/Keychain.git",
        "state": {
          "branch": "main",
          "revision": "2f2e8ed63b01d3865be84604b6b65478d2f4c935",
          "version": null
        }
      },
      {
        "package": "KeychainMacOS",
        "repositoryURL": "https://github.com/OperatorFoundation/KeychainMacOS.git",
        "state": {
          "branch": null,
          "revision": "e6d545e3b8ebb4b3b6b3f58c6936ab708a8d7373",
          "version": "1.0.1"
        }
      },
      {
        "package": "LoggerQueue",
        "repositoryURL": "https://github.com/OperatorFoundation/LoggerQueue.git",
        "state": {
          "branch": "main",
          "revision": "3c9b876674b19a1163ff43dea888b782bc53e69d",
          "version": null
        }
      },
      {
        "package": "Monolith",
        "repositoryURL": "https://github.com/OperatorFoundation/Monolith.git",
        "state": {
          "branch": "main",
          "revision": "5fae52e285f839068011642a2a8df70ca31cedb1",
          "version": null
        }
      },
      {
        "package": "Net",
        "repositoryURL": "https://github.com/OperatorFoundation/Net.git",
        "state": {
          "branch": "main",
          "revision": "c77993026c898f18d244f19bd505ab37baf10e92",
          "version": null
        }
      },
      {
        "package": "ReplicantSwift",
        "repositoryURL": "https://github.com/OperatorFoundation/ReplicantSwift.git",
        "state": {
          "branch": "main",
          "revision": "316071c4f4d50c6965c2b53333c8630ced33b070",
          "version": null
        }
      },
      {
        "package": "ReplicantSwiftClient",
        "repositoryURL": "https://github.com/OperatorFoundation/ReplicantSwiftClient.git",
        "state": {
          "branch": "main",
          "revision": "2923fcbf5cdcd46b7e8923407a611920321c12b2",
          "version": null
        }
      },
      {
        "package": "Song",
        "repositoryURL": "https://github.com/OperatorFoundation/Song.git",
        "state": {
          "branch": "main",
          "revision": "30e043dc38908eb882f3991eb2af9249ec8988ce",
          "version": null
        }
      },
      {
        "package": "swift-ast",
        "repositoryURL": "https://github.com/OperatorFoundation/swift-ast.git",
        "state": {
          "branch": null,
          "revision": "d7e0cf0d9d3b90831a1c297ce911a338a4bd44f3",
          "version": "0.19.12"
        }
      },
      {
        "package": "swift-crypto",
        "repositoryURL": "https://github.com/apple/swift-crypto.git",
        "state": {
          "branch": null,
          "revision": "9c53b7a758bb849a7df1bd2314395f5f0c14306f",
          "version": "2.0.3"
        }
      },
      {
        "package": "swift-log",
        "repositoryURL": "https://github.com/apple/swift-log.git",
        "state": {
          "branch": null,
          "revision": "5d66f7ba25daf4f94100e7022febf3c75e37a6c7",
          "version": "1.4.2"
        }
      },
      {
        "package": "SwiftHexTools",
        "repositoryURL": "https://github.com/OperatorFoundation/SwiftHexTools.git",
        "state": {
          "branch": "main",
          "revision": "a18a1ca88ad1d4844f445c522aba7ba8f691b1b6",
          "version": null
        }
      },
      {
        "package": "SwiftQueue",
        "repositoryURL": "https://github.com/OperatorFoundation/SwiftQueue.git",
        "state": {
          "branch": "main",
          "revision": "9f264b7f816b55b5b718f5187aa98c7397d28d81",
          "version": null
        }
      },
      {
        "package": "TransmissionMacOS",
        "repositoryURL": "https://github.com/OperatorFoundation/TransmissionMacOS",
        "state": {
          "branch": null,
          "revision": "7337e28f688bbd282c7dfcc74d0689c859315443",
          "version": "0.0.2"
        }
      },
      {
        "package": "TransmissionTransport",
        "repositoryURL": "https://github.com/OperatorFoundation/TransmissionTransport.git",
        "state": {
          "branch": "main",
          "revision": "8196901ae8b9d004263b2df372f25614437a823f",
          "version": null
        }
      },
      {
        "package": "TransmissionTypes",
        "repositoryURL": "https://github.com/OperatorFoundation/TransmissionTypes.git",
        "state": {
          "branch": null,
          "revision": "b5b5974bee1d79b9eb19c8ba5707dd1b6ac349a1",
          "version": "0.0.1"
        }
      },
      {
        "package": "Transport",
        "repositoryURL": "https://github.com/OperatorFoundation/Transport.git",
        "state": {
          "branch": null,
          "revision": "bd0ce93e7b0bb17a1e01f09f03be07b34187249a",
          "version": "2.3.12"
        }
      },
      {
        "package": "TunnelClient",
        "repositoryURL": "https://github.com/OperatorFoundation/TunnelClient.git",
        "state": {
          "branch": "main",
          "revision": "356a2f4a310f1cfc04936f56d218ed4a8a0aa03d",
          "version": null
        }
      },
      {
        "package": "ZIPFoundation",
        "repositoryURL": "https://github.com/weichsel/ZIPFoundation.git",
        "state": {
          "branch": null,
          "revision": "7254c74b49cec2cb81520523ba993c671f71b066",
          "version": "0.9.14"
        }
      }
    ]
  },
  "version": 1
}
