{
  "object": {
    "pins": [
      {
        "package": "Bits",
        "repositoryURL": "https://github.com/OperatorFoundation/Bits.git",
        "state": {
          "branch": null,
          "revision": "f05ebc8026f8c57dcd7e2eebffd816b078d3a142",
          "version": "2.0.1"
        }
      },
      {
        "package": "Chord",
        "repositoryURL": "https://github.com/OperatorFoundation/Chord.git",
        "state": {
          "branch": "main",
          "revision": "138ce98ef8d12a989e526073d9c386174b6d1df2",
          "version": null
        }
      },
      {
        "package": "Datable",
        "repositoryURL": "https://github.com/OperatorFoundation/Datable",
        "state": {
          "branch": "main",
          "revision": "f2a622a4f72cccb92d9847ff6616b26e6de25ca3",
          "version": null
        }
      },
      {
        "package": "Flower",
        "repositoryURL": "https://github.com/OperatorFoundation/Flower.git",
        "state": {
          "branch": "main",
          "revision": "f50f39cded6c647ed1349256d32e2b515d84780f",
          "version": null
        }
      },
      {
        "package": "InternetProtocols",
        "repositoryURL": "https://github.com/OperatorFoundation/InternetProtocols.git",
        "state": {
          "branch": "main",
          "revision": "446dbf2f4353cb1eaba9bf7c3df8e21035e67e92",
          "version": null
        }
      },
      {
        "package": "Keychain",
        "repositoryURL": "https://github.com/OperatorFoundation/Keychain.git",
        "state": {
          "branch": "main",
          "revision": "dd79b49fe843d79624843c92eaa671cf30ec615a",
          "version": null
        }
      },
      {
        "package": "KeychainMacOS",
        "repositoryURL": "https://github.com/OperatorFoundation/KeychainMacOS.git",
        "state": {
          "branch": "main",
          "revision": "a3153e57630e59282d36ef1b6c21760a365786cf",
          "version": null
        }
      },
      {
        "package": "LoggerQueue",
        "repositoryURL": "https://github.com/OperatorFoundation/LoggerQueue.git",
        "state": {
          "branch": "main",
          "revision": "3c9b876674b19a1163ff43dea888b782bc53e69d",
          "version": null
        }
      },
      {
        "package": "Monolith",
        "repositoryURL": "https://github.com/OperatorFoundation/Monolith.git",
        "state": {
          "branch": "main",
          "revision": "9d4c3ec061914ee10e43fdd30585e4aca5318d79",
          "version": null
        }
      },
      {
        "package": "Net",
        "repositoryURL": "https://github.com/OperatorFoundation/Net.git",
        "state": {
          "branch": "main",
          "revision": "c43bf17e1e9a099b89b4ce56768df3c68fbc12e1",
          "version": null
        }
      },
      {
        "package": "ReplicantSwift",
        "repositoryURL": "https://github.com/OperatorFoundation/ReplicantSwift.git",
        "state": {
          "branch": "main",
          "revision": "2faac30a7ad1b0a1bc540b11f31b8f977e3d6213",
          "version": null
        }
      },
      {
        "package": "ReplicantSwiftClient",
        "repositoryURL": "https://github.com/OperatorFoundation/ReplicantSwiftClient.git",
        "state": {
          "branch": "main",
          "revision": "90d4593ff6d53ded912b94da0a181f8a832dc177",
          "version": null
        }
      },
      {
        "package": "Song",
        "repositoryURL": "https://github.com/OperatorFoundation/Song.git",
        "state": {
          "branch": "main",
          "revision": "68145b93c775e1537df75a7af356890bcdbe30bf",
          "version": null
        }
      },
      {
        "package": "swift-ast",
        "repositoryURL": "https://github.com/OperatorFoundation/swift-ast.git",
        "state": {
          "branch": "main",
          "revision": "d7e0cf0d9d3b90831a1c297ce911a338a4bd44f3",
          "version": null
        }
      },
      {
        "package": "swift-log",
        "repositoryURL": "https://github.com/apple/swift-log.git",
        "state": {
          "branch": null,
          "revision": "5d66f7ba25daf4f94100e7022febf3c75e37a6c7",
          "version": "1.4.2"
        }
      },
      {
        "package": "SwiftHexTools",
        "repositoryURL": "https://github.com/OperatorFoundation/SwiftHexTools.git",
        "state": {
          "branch": "main",
          "revision": "a18a1ca88ad1d4844f445c522aba7ba8f691b1b6",
          "version": null
        }
      },
      {
        "package": "SwiftQueue",
        "repositoryURL": "https://github.com/OperatorFoundation/SwiftQueue.git",
        "state": {
          "branch": "main",
          "revision": "9f264b7f816b55b5b718f5187aa98c7397d28d81",
          "version": null
        }
      },
      {
        "package": "TransmissionMacOS",
        "repositoryURL": "https://github.com/OperatorFoundation/TransmissionMacOS",
        "state": {
          "branch": null,
          "revision": "7337e28f688bbd282c7dfcc74d0689c859315443",
          "version": "0.0.2"
        }
      },
      {
        "package": "TransmissionTransport",
        "repositoryURL": "https://github.com/OperatorFoundation/TransmissionTransport.git",
        "state": {
          "branch": "main",
          "revision": "8196901ae8b9d004263b2df372f25614437a823f",
          "version": null
        }
      },
      {
        "package": "TransmissionTypes",
        "repositoryURL": "https://github.com/OperatorFoundation/TransmissionTypes.git",
        "state": {
          "branch": null,
          "revision": "b5b5974bee1d79b9eb19c8ba5707dd1b6ac349a1",
          "version": "0.0.1"
        }
      },
      {
        "package": "Transport",
        "repositoryURL": "https://github.com/OperatorFoundation/Transport.git",
        "state": {
          "branch": null,
          "revision": "bd0ce93e7b0bb17a1e01f09f03be07b34187249a",
          "version": "2.3.12"
        }
      },
      {
        "package": "TunnelClient",
        "repositoryURL": "https://github.com/OperatorFoundation/TunnelClient.git",
        "state": {
          "branch": "main",
          "revision": "78dff0aa1da0496bbed871bb3db815549d4347ec",
          "version": null
        }
      },
      {
        "package": "ZIPFoundation",
        "repositoryURL": "https://github.com/weichsel/ZIPFoundation.git",
        "state": {
          "branch": null,
          "revision": "7254c74b49cec2cb81520523ba993c671f71b066",
          "version": "0.9.14"
        }
      }
    ]
  },
  "version": 1
}
